
Microsoft Visual Studio Solution File, Format Version 12.00
Project("{FAE04EC0-301F-11D3-BF4B-00C04F79EFBC}") = "Authentication.Api", "src\Authentication.Api\Authentication.Api.csproj", "{6BEB9A1F-72EF-452C-8E65-1A31FD24FCFD}"
EndProject
Project("{FAE04EC0-301F-11D3-BF4B-00C04F79EFBC}") = "Authentication.Infrastructure", "src\Authentication.Infrastructure\Authentication.Infrastructure.csproj", "{D020D219-B8CA-4B5B-93A8-96912F6FAC9D}"
EndProject
Project("{FAE04EC0-301F-11D3-BF4B-00C04F79EFBC}") = "Authentication.Application", "src\Authentication.Application\Authentication.Application.csproj", "{133E941D-C544-45E2-A40F-0CFE6E5C5828}"
EndProject
Project("{FAE04EC0-301F-11D3-BF4B-00C04F79EFBC}") = "Authentication.Domain", "src\Authentication.Domain\Authentication.Domain.csproj", "{F5B72B82-FF13-492B-9763-9B144B7FF6FC}"
EndProject
Global
	GlobalSection(SolutionConfigurationPlatforms) = preSolution
		Debug|Any CPU = Debug|Any CPU
		Release|Any CPU = Release|Any CPU
	EndGlobalSection
	GlobalSection(ProjectConfigurationPlatforms) = postSolution
		{6BEB9A1F-72EF-452C-8E65-1A31FD24FCFD}.Debug|Any CPU.ActiveCfg = Debug|Any CPU
		{6BEB9A1F-72EF-452C-8E65-1A31FD24FCFD}.Debug|Any CPU.Build.0 = Debug|Any CPU
		{6BEB9A1F-72EF-452C-8E65-1A31FD24FCFD}.Release|Any CPU.ActiveCfg = Release|Any CPU
		{6BEB9A1F-72EF-452C-8E65-1A31FD24FCFD}.Release|Any CPU.Build.0 = Release|Any CPU
		{D020D219-B8CA-4B5B-93A8-96912F6FAC9D}.Debug|Any CPU.ActiveCfg = Debug|Any CPU
		{D020D219-B8CA-4B5B-93A8-96912F6FAC9D}.Debug|Any CPU.Build.0 = Debug|Any CPU
		{D020D219-B8CA-4B5B-93A8-96912F6FAC9D}.Release|Any CPU.ActiveCfg = Release|Any CPU
		{D020D219-B8CA-4B5B-93A8-96912F6FAC9D}.Release|Any CPU.Build.0 = Release|Any CPU
		{133E941D-C544-45E2-A40F-0CFE6E5C5828}.Debug|Any CPU.ActiveCfg = Debug|Any CPU
		{133E941D-C544-45E2-A40F-0CFE6E5C5828}.Debug|Any CPU.Build.0 = Debug|Any CPU
		{133E941D-C544-45E2-A40F-0CFE6E5C5828}.Release|Any CPU.ActiveCfg = Release|Any CPU
		{133E941D-C544-45E2-A40F-0CFE6E5C5828}.Release|Any CPU.Build.0 = Release|Any CPU
		{F5B72B82-FF13-492B-9763-9B144B7FF6FC}.Debug|Any CPU.ActiveCfg = Debug|Any CPU
		{F5B72B82-FF13-492B-9763-9B144B7FF6FC}.Debug|Any CPU.Build.0 = Debug|Any CPU
		{F5B72B82-FF13-492B-9763-9B144B7FF6FC}.Release|Any CPU.ActiveCfg = Release|Any CPU
		{F5B72B82-FF13-492B-9763-9B144B7FF6FC}.Release|Any CPU.Build.0 = Release|Any CPU
	EndGlobalSection
EndGlobal
